
Microsoft Visual Studio Solution File, Format Version 12.00
# Visual Studio Version 17
VisualStudioVersion = 17.0.32014.148
MinimumVisualStudioVersion = 10.0.40219.1
Project("{9A19103F-16F7-4668-BE54-9A1E7A4F7556}") = "UnityLesson_CSharp_ProgramClass", "UnityLesson_CSharp_ProgramClass\UnityLesson_CSharp_ProgramClass.csproj", "{280E7F2A-8286-4ED6-AA06-A7F48B1BA277}"
EndProject
Project("{9A19103F-16F7-4668-BE54-9A1E7A4F7556}") = "UnityLesson_CSharp_ProgramClass_Dotnet5", "UnityLesson_CSharp_ProgramClass_Dotnet5\UnityLesson_CSharp_ProgramClass_Dotnet5.csproj", "{D5D37046-4296-4737-BA3D-61B6E19B9010}"
EndProject
Project("{9A19103F-16F7-4668-BE54-9A1E7A4F7556}") = "UnityLesson_CSharp_Variable", "UnityLesson_CSharp_Variable\UnityLesson_CSharp_Variable.csproj", "{0B66A5D9-C9C1-49B3-B962-95308F9D087C}"
EndProject
Project("{9A19103F-16F7-4668-BE54-9A1E7A4F7556}") = "UnityLesson_CSharp_If", "UnityLesson_CSharp_If\UnityLesson_CSharp_If.csproj", "{30D2B51A-CF79-4A49-BFAD-F3C90684CC32}"
EndProject
Project("{9A19103F-16F7-4668-BE54-9A1E7A4F7556}") = "UnityLesson_CSharp_Method", "UnityLesson_CSharp_Method\UnityLesson_CSharp_Method.csproj", "{BDD60D4F-DD48-49DF-B29A-3348AB48EC49}"
EndProject
Project("{FAE04EC0-301F-11D3-BF4B-00C04F79EFBC}") = "UnityLesson_CSharp_ClassIncludingVariablesFunctions", "UnityLesson_CSharp_ClassIncludingVariablesFunctions\UnityLesson_CSharp_ClassIncludingVariablesFunctions.csproj", "{D9E391EA-5E1E-41AD-A6C1-7095454FAA5E}"
EndProject
Project("{FAE04EC0-301F-11D3-BF4B-00C04F79EFBC}") = "UnityLesson_CSharp_ClassObjectInstance", "UnityLesson_CSharp_ClassObjectInstance\UnityLesson_CSharp_ClassObjectInstance.csproj", "{9F6B9F94-6A52-4B89-A6E3-0B4851DFB5DB}"
EndProject
Project("{FAE04EC0-301F-11D3-BF4B-00C04F79EFBC}") = "UnityLesoon_CSharp_InstantiationOfObject", "UnityLesoon_CSharp_InstantiationOfObject\UnityLesoon_CSharp_InstantiationOfObject.csproj", "{C1ACC557-CA26-4B75-A856-5EF3B372A201}"
EndProject
Project("{FAE04EC0-301F-11D3-BF4B-00C04F79EFBC}") = "UnityLesson_CSharp_StaticExample", "UnityLesson_CSharp_StaticExample\UnityLesson_CSharp_StaticExample.csproj", "{6365F24B-94D3-4462-8D4E-D487584603C6}"
EndProject
Project("{FAE04EC0-301F-11D3-BF4B-00C04F79EFBC}") = "UnityLesson_CSharp_InstantiationExample1", "UnityLesson_CSharp_InstantiationExample1\UnityLesson_CSharp_InstantiationExample1.csproj", "{85A27E9F-9A3B-4527-81DE-2095AE889DF6}"
EndProject
Project("{FAE04EC0-301F-11D3-BF4B-00C04F79EFBC}") = "UnityLesson_CSarp_Operator", "UnityLesson_CSarp_Operator\UnityLesson_CSarp_Operator.csproj", "{8B5FBD94-5458-4ABD-B341-E7A60CADD6FD}"
EndProject
Project("{FAE04EC0-301F-11D3-BF4B-00C04F79EFBC}") = "UnityLesson_CSharp_Operators", "UnityLesson_CSharp_Operators\UnityLesson_CSharp_Operators.csproj", "{F41500E5-3DE8-4267-B8C4-DDF85EB209FE}"
EndProject
Global
	GlobalSection(SolutionConfigurationPlatforms) = preSolution
		Debug|Any CPU = Debug|Any CPU
		Release|Any CPU = Release|Any CPU
	EndGlobalSection
	GlobalSection(ProjectConfigurationPlatforms) = postSolution
		{280E7F2A-8286-4ED6-AA06-A7F48B1BA277}.Debug|Any CPU.ActiveCfg = Debug|Any CPU
		{280E7F2A-8286-4ED6-AA06-A7F48B1BA277}.Debug|Any CPU.Build.0 = Debug|Any CPU
		{280E7F2A-8286-4ED6-AA06-A7F48B1BA277}.Release|Any CPU.ActiveCfg = Release|Any CPU
		{280E7F2A-8286-4ED6-AA06-A7F48B1BA277}.Release|Any CPU.Build.0 = Release|Any CPU
		{D5D37046-4296-4737-BA3D-61B6E19B9010}.Debug|Any CPU.ActiveCfg = Debug|Any CPU
		{D5D37046-4296-4737-BA3D-61B6E19B9010}.Debug|Any CPU.Build.0 = Debug|Any CPU
		{D5D37046-4296-4737-BA3D-61B6E19B9010}.Release|Any CPU.ActiveCfg = Release|Any CPU
		{D5D37046-4296-4737-BA3D-61B6E19B9010}.Release|Any CPU.Build.0 = Release|Any CPU
		{0B66A5D9-C9C1-49B3-B962-95308F9D087C}.Debug|Any CPU.ActiveCfg = Debug|Any CPU
		{0B66A5D9-C9C1-49B3-B962-95308F9D087C}.Debug|Any CPU.Build.0 = Debug|Any CPU
		{0B66A5D9-C9C1-49B3-B962-95308F9D087C}.Release|Any CPU.ActiveCfg = Release|Any CPU
		{0B66A5D9-C9C1-49B3-B962-95308F9D087C}.Release|Any CPU.Build.0 = Release|Any CPU
		{30D2B51A-CF79-4A49-BFAD-F3C90684CC32}.Debug|Any CPU.ActiveCfg = Debug|Any CPU
		{30D2B51A-CF79-4A49-BFAD-F3C90684CC32}.Debug|Any CPU.Build.0 = Debug|Any CPU
		{30D2B51A-CF79-4A49-BFAD-F3C90684CC32}.Release|Any CPU.ActiveCfg = Release|Any CPU
		{30D2B51A-CF79-4A49-BFAD-F3C90684CC32}.Release|Any CPU.Build.0 = Release|Any CPU
		{BDD60D4F-DD48-49DF-B29A-3348AB48EC49}.Debug|Any CPU.ActiveCfg = Debug|Any CPU
		{BDD60D4F-DD48-49DF-B29A-3348AB48EC49}.Debug|Any CPU.Build.0 = Debug|Any CPU
		{BDD60D4F-DD48-49DF-B29A-3348AB48EC49}.Release|Any CPU.ActiveCfg = Release|Any CPU
		{BDD60D4F-DD48-49DF-B29A-3348AB48EC49}.Release|Any CPU.Build.0 = Release|Any CPU
		{D9E391EA-5E1E-41AD-A6C1-7095454FAA5E}.Debug|Any CPU.ActiveCfg = Debug|Any CPU
		{D9E391EA-5E1E-41AD-A6C1-7095454FAA5E}.Debug|Any CPU.Build.0 = Debug|Any CPU
		{D9E391EA-5E1E-41AD-A6C1-7095454FAA5E}.Release|Any CPU.ActiveCfg = Release|Any CPU
		{D9E391EA-5E1E-41AD-A6C1-7095454FAA5E}.Release|Any CPU.Build.0 = Release|Any CPU
		{9F6B9F94-6A52-4B89-A6E3-0B4851DFB5DB}.Debug|Any CPU.ActiveCfg = Debug|Any CPU
		{9F6B9F94-6A52-4B89-A6E3-0B4851DFB5DB}.Debug|Any CPU.Build.0 = Debug|Any CPU
		{9F6B9F94-6A52-4B89-A6E3-0B4851DFB5DB}.Release|Any CPU.ActiveCfg = Release|Any CPU
		{9F6B9F94-6A52-4B89-A6E3-0B4851DFB5DB}.Release|Any CPU.Build.0 = Release|Any CPU
		{C1ACC557-CA26-4B75-A856-5EF3B372A201}.Debug|Any CPU.ActiveCfg = Debug|Any CPU
		{C1ACC557-CA26-4B75-A856-5EF3B372A201}.Debug|Any CPU.Build.0 = Debug|Any CPU
		{C1ACC557-CA26-4B75-A856-5EF3B372A201}.Release|Any CPU.ActiveCfg = Release|Any CPU
		{C1ACC557-CA26-4B75-A856-5EF3B372A201}.Release|Any CPU.Build.0 = Release|Any CPU
		{6365F24B-94D3-4462-8D4E-D487584603C6}.Debug|Any CPU.ActiveCfg = Debug|Any CPU
		{6365F24B-94D3-4462-8D4E-D487584603C6}.Debug|Any CPU.Build.0 = Debug|Any CPU
		{6365F24B-94D3-4462-8D4E-D487584603C6}.Release|Any CPU.ActiveCfg = Release|Any CPU
		{6365F24B-94D3-4462-8D4E-D487584603C6}.Release|Any CPU.Build.0 = Release|Any CPU
		{85A27E9F-9A3B-4527-81DE-2095AE889DF6}.Debug|Any CPU.ActiveCfg = Debug|Any CPU
		{85A27E9F-9A3B-4527-81DE-2095AE889DF6}.Debug|Any CPU.Build.0 = Debug|Any CPU
		{85A27E9F-9A3B-4527-81DE-2095AE889DF6}.Release|Any CPU.ActiveCfg = Release|Any CPU
		{85A27E9F-9A3B-4527-81DE-2095AE889DF6}.Release|Any CPU.Build.0 = Release|Any CPU
		{8B5FBD94-5458-4ABD-B341-E7A60CADD6FD}.Debug|Any CPU.ActiveCfg = Debug|Any CPU
		{8B5FBD94-5458-4ABD-B341-E7A60CADD6FD}.Debug|Any CPU.Build.0 = Debug|Any CPU
		{8B5FBD94-5458-4ABD-B341-E7A60CADD6FD}.Release|Any CPU.ActiveCfg = Release|Any CPU
		{8B5FBD94-5458-4ABD-B341-E7A60CADD6FD}.Release|Any CPU.Build.0 = Release|Any CPU
		{F41500E5-3DE8-4267-B8C4-DDF85EB209FE}.Debug|Any CPU.ActiveCfg = Debug|Any CPU
		{F41500E5-3DE8-4267-B8C4-DDF85EB209FE}.Debug|Any CPU.Build.0 = Debug|Any CPU
		{F41500E5-3DE8-4267-B8C4-DDF85EB209FE}.Release|Any CPU.ActiveCfg = Release|Any CPU
		{F41500E5-3DE8-4267-B8C4-DDF85EB209FE}.Release|Any CPU.Build.0 = Release|Any CPU
	EndGlobalSection
	GlobalSection(SolutionProperties) = preSolution
		HideSolutionNode = FALSE
	EndGlobalSection
	GlobalSection(ExtensibilityGlobals) = postSolution
		SolutionGuid = {CF22646C-05BF-4EE4-B217-414723AFADFA}
	EndGlobalSection
EndGlobal
